
Microsoft Visual Studio Solution File, Format Version 12.00
# Visual Studio Version 16
VisualStudioVersion = 16.0.31321.278
MinimumVisualStudioVersion = 10.0.40219.1
Project("{2150E333-8FDC-42A3-9474-1A3956D46DE8}") = "0 - UI", "0 - UI", "{325612AD-613B-4755-A457-23E53D72EE47}"
EndProject
Project("{2150E333-8FDC-42A3-9474-1A3956D46DE8}") = "2 - Domain", "2 - Domain", "{D8F14AC1-B4A7-4F42-A029-16757F333A0F}"
EndProject
Project("{2150E333-8FDC-42A3-9474-1A3956D46DE8}") = "1 - Application", "1 - Application", "{B12265EC-1BDE-48D1-B1D9-EC5D65B1DC94}"
EndProject
Project("{2150E333-8FDC-42A3-9474-1A3956D46DE8}") = "3 - Repository", "3 - Repository", "{AB854DE3-D380-40D0-8505-F55E5F5004CD}"
EndProject
Project("{FAE04EC0-301F-11D3-BF4B-00C04F79EFBC}") = "SonarQube.Poc.Repository", "src\SonarQube.Poc.Repository\SonarQube.Poc.Repository.csproj", "{F0DC5FC9-22D3-40C1-AB93-CFB1BD7E3A9F}"
EndProject
Project("{FAE04EC0-301F-11D3-BF4B-00C04F79EFBC}") = "SonarQube.Poc.Domain", "src\SonarQube.Poc.Domain\SonarQube.Poc.Domain.csproj", "{72828746-7D68-4A86-A111-87B7EA6C7823}"
EndProject
Project("{FAE04EC0-301F-11D3-BF4B-00C04F79EFBC}") = "SonarQube.Poc.Application", "src\SonarQube.Poc.Application\SonarQube.Poc.Application.csproj", "{43FE2CD2-5D85-45B4-9D78-ADBAB95170E6}"
EndProject
Project("{2150E333-8FDC-42A3-9474-1A3956D46DE8}") = "4 - CrossCutting", "4 - CrossCutting", "{D44377E7-375D-4B81-948C-0778E1BA6309}"
EndProject
Project("{FAE04EC0-301F-11D3-BF4B-00C04F79EFBC}") = "SonarQube.Poc.IoC", "src\SonarQube.Poc.IoC\SonarQube.Poc.IoC.csproj", "{865D1C02-2C93-4AC7-B0EA-FEB0D28853F3}"
EndProject
Project("{FAE04EC0-301F-11D3-BF4B-00C04F79EFBC}") = "SonarQube.Poc.Utils", "src\SonarQube.Poc.Utils\SonarQube.Poc.Utils.csproj", "{2C1CDC32-B2B2-4203-A2B0-B95E4052F961}"
EndProject
Project("{FAE04EC0-301F-11D3-BF4B-00C04F79EFBC}") = "SonarQube.Poc.Web", "src\SonarQube.Poc.Web\SonarQube.Poc.Web.csproj", "{A1FEC7D7-4715-4A60-973A-52EB635E9890}"
EndProject
Global
	GlobalSection(SolutionConfigurationPlatforms) = preSolution
		Debug|Any CPU = Debug|Any CPU
		Release|Any CPU = Release|Any CPU
	EndGlobalSection
	GlobalSection(ProjectConfigurationPlatforms) = postSolution
		{F0DC5FC9-22D3-40C1-AB93-CFB1BD7E3A9F}.Debug|Any CPU.ActiveCfg = Debug|Any CPU
		{F0DC5FC9-22D3-40C1-AB93-CFB1BD7E3A9F}.Debug|Any CPU.Build.0 = Debug|Any CPU
		{F0DC5FC9-22D3-40C1-AB93-CFB1BD7E3A9F}.Release|Any CPU.ActiveCfg = Release|Any CPU
		{F0DC5FC9-22D3-40C1-AB93-CFB1BD7E3A9F}.Release|Any CPU.Build.0 = Release|Any CPU
		{72828746-7D68-4A86-A111-87B7EA6C7823}.Debug|Any CPU.ActiveCfg = Debug|Any CPU
		{72828746-7D68-4A86-A111-87B7EA6C7823}.Debug|Any CPU.Build.0 = Debug|Any CPU
		{72828746-7D68-4A86-A111-87B7EA6C7823}.Release|Any CPU.ActiveCfg = Release|Any CPU
		{72828746-7D68-4A86-A111-87B7EA6C7823}.Release|Any CPU.Build.0 = Release|Any CPU
		{43FE2CD2-5D85-45B4-9D78-ADBAB95170E6}.Debug|Any CPU.ActiveCfg = Debug|Any CPU
		{43FE2CD2-5D85-45B4-9D78-ADBAB95170E6}.Debug|Any CPU.Build.0 = Debug|Any CPU
		{43FE2CD2-5D85-45B4-9D78-ADBAB95170E6}.Release|Any CPU.ActiveCfg = Release|Any CPU
		{43FE2CD2-5D85-45B4-9D78-ADBAB95170E6}.Release|Any CPU.Build.0 = Release|Any CPU
		{865D1C02-2C93-4AC7-B0EA-FEB0D28853F3}.Debug|Any CPU.ActiveCfg = Debug|Any CPU
		{865D1C02-2C93-4AC7-B0EA-FEB0D28853F3}.Debug|Any CPU.Build.0 = Debug|Any CPU
		{865D1C02-2C93-4AC7-B0EA-FEB0D28853F3}.Release|Any CPU.ActiveCfg = Release|Any CPU
		{865D1C02-2C93-4AC7-B0EA-FEB0D28853F3}.Release|Any CPU.Build.0 = Release|Any CPU
		{2C1CDC32-B2B2-4203-A2B0-B95E4052F961}.Debug|Any CPU.ActiveCfg = Debug|Any CPU
		{2C1CDC32-B2B2-4203-A2B0-B95E4052F961}.Debug|Any CPU.Build.0 = Debug|Any CPU
		{2C1CDC32-B2B2-4203-A2B0-B95E4052F961}.Release|Any CPU.ActiveCfg = Release|Any CPU
		{2C1CDC32-B2B2-4203-A2B0-B95E4052F961}.Release|Any CPU.Build.0 = Release|Any CPU
		{A1FEC7D7-4715-4A60-973A-52EB635E9890}.Debug|Any CPU.ActiveCfg = Debug|Any CPU
		{A1FEC7D7-4715-4A60-973A-52EB635E9890}.Debug|Any CPU.Build.0 = Debug|Any CPU
		{A1FEC7D7-4715-4A60-973A-52EB635E9890}.Release|Any CPU.ActiveCfg = Release|Any CPU
		{A1FEC7D7-4715-4A60-973A-52EB635E9890}.Release|Any CPU.Build.0 = Release|Any CPU
	EndGlobalSection
	GlobalSection(SolutionProperties) = preSolution
		HideSolutionNode = FALSE
	EndGlobalSection
	GlobalSection(NestedProjects) = preSolution
		{F0DC5FC9-22D3-40C1-AB93-CFB1BD7E3A9F} = {AB854DE3-D380-40D0-8505-F55E5F5004CD}
		{72828746-7D68-4A86-A111-87B7EA6C7823} = {D8F14AC1-B4A7-4F42-A029-16757F333A0F}
		{43FE2CD2-5D85-45B4-9D78-ADBAB95170E6} = {B12265EC-1BDE-48D1-B1D9-EC5D65B1DC94}
		{865D1C02-2C93-4AC7-B0EA-FEB0D28853F3} = {D44377E7-375D-4B81-948C-0778E1BA6309}
		{2C1CDC32-B2B2-4203-A2B0-B95E4052F961} = {D44377E7-375D-4B81-948C-0778E1BA6309}
		{A1FEC7D7-4715-4A60-973A-52EB635E9890} = {325612AD-613B-4755-A457-23E53D72EE47}
	EndGlobalSection
	GlobalSection(ExtensibilityGlobals) = postSolution
		SolutionGuid = {1E0F791B-3AEF-499A-A323-02DC24A4F3B4}
	EndGlobalSection
EndGlobal
